
Microsoft Visual Studio Solution File, Format Version 12.00
# Visual Studio Version 16
VisualStudioVersion = 16.0.33130.400
MinimumVisualStudioVersion = 10.0.40219.1
Project("{8BC9CEB8-8B4A-11D0-8D11-00A0C91BC942}") = "Lesson_65_2", "Lesson_65_2\Lesson_65_2.vcxproj", "{CD75DF77-2136-4C50-9A69-16F4FE1BE30D}"
EndProject
Global
	GlobalSection(SolutionConfigurationPlatforms) = preSolution
		Debug|x64 = Debug|x64
		Debug|x86 = Debug|x86
		Release|x64 = Release|x64
		Release|x86 = Release|x86
	EndGlobalSection
	GlobalSection(ProjectConfigurationPlatforms) = postSolution
		{CD75DF77-2136-4C50-9A69-16F4FE1BE30D}.Debug|x64.ActiveCfg = Debug|x64
		{CD75DF77-2136-4C50-9A69-16F4FE1BE30D}.Debug|x64.Build.0 = Debug|x64
		{CD75DF77-2136-4C50-9A69-16F4FE1BE30D}.Debug|x86.ActiveCfg = Debug|Win32
		{CD75DF77-2136-4C50-9A69-16F4FE1BE30D}.Debug|x86.Build.0 = Debug|Win32
		{CD75DF77-2136-4C50-9A69-16F4FE1BE30D}.Release|x64.ActiveCfg = Release|x64
		{CD75DF77-2136-4C50-9A69-16F4FE1BE30D}.Release|x64.Build.0 = Release|x64
		{CD75DF77-2136-4C50-9A69-16F4FE1BE30D}.Release|x86.ActiveCfg = Release|Win32
		{CD75DF77-2136-4C50-9A69-16F4FE1BE30D}.Release|x86.Build.0 = Release|Win32
	EndGlobalSection
	GlobalSection(SolutionProperties) = preSolution
		HideSolutionNode = FALSE
	EndGlobalSection
	GlobalSection(ExtensibilityGlobals) = postSolution
		SolutionGuid = {7A71D1C1-24D0-44AE-99F6-233B3CE11286}
	EndGlobalSection
EndGlobal
