
Microsoft Visual Studio Solution File, Format Version 12.00
# Visual Studio Version 16
VisualStudioVersion = 16.0.33130.400
MinimumVisualStudioVersion = 10.0.40219.1
Project("{8BC9CEB8-8B4A-11D0-8D11-00A0C91BC942}") = "Lesson_20", "Lesson_20\Lesson_20.vcxproj", "{688CDE57-0972-424B-9E92-4EA28621362C}"
EndProject
Global
	GlobalSection(SolutionConfigurationPlatforms) = preSolution
		Debug|x64 = Debug|x64
		Debug|x86 = Debug|x86
		Release|x64 = Release|x64
		Release|x86 = Release|x86
	EndGlobalSection
	GlobalSection(ProjectConfigurationPlatforms) = postSolution
		{688CDE57-0972-424B-9E92-4EA28621362C}.Debug|x64.ActiveCfg = Debug|x64
		{688CDE57-0972-424B-9E92-4EA28621362C}.Debug|x64.Build.0 = Debug|x64
		{688CDE57-0972-424B-9E92-4EA28621362C}.Debug|x86.ActiveCfg = Debug|Win32
		{688CDE57-0972-424B-9E92-4EA28621362C}.Debug|x86.Build.0 = Debug|Win32
		{688CDE57-0972-424B-9E92-4EA28621362C}.Release|x64.ActiveCfg = Release|x64
		{688CDE57-0972-424B-9E92-4EA28621362C}.Release|x64.Build.0 = Release|x64
		{688CDE57-0972-424B-9E92-4EA28621362C}.Release|x86.ActiveCfg = Release|Win32
		{688CDE57-0972-424B-9E92-4EA28621362C}.Release|x86.Build.0 = Release|Win32
	EndGlobalSection
	GlobalSection(SolutionProperties) = preSolution
		HideSolutionNode = FALSE
	EndGlobalSection
	GlobalSection(ExtensibilityGlobals) = postSolution
		SolutionGuid = {1962732C-FE58-4062-AB8A-BEA4862844F0}
	EndGlobalSection
EndGlobal
