
Microsoft Visual Studio Solution File, Format Version 12.00
# Visual Studio Version 16
VisualStudioVersion = 16.0.32602.291
MinimumVisualStudioVersion = 10.0.40219.1
Project("{8BC9CEB8-8B4A-11D0-8D11-00A0C91BC942}") = "Homework_03", "Homework_03\Homework_03.vcxproj", "{9DCD5B31-5DDA-4A11-8C81-F2506917611D}"
EndProject
Global
	GlobalSection(SolutionConfigurationPlatforms) = preSolution
		Debug|x64 = Debug|x64
		Debug|x86 = Debug|x86
		Release|x64 = Release|x64
		Release|x86 = Release|x86
	EndGlobalSection
	GlobalSection(ProjectConfigurationPlatforms) = postSolution
		{9DCD5B31-5DDA-4A11-8C81-F2506917611D}.Debug|x64.ActiveCfg = Debug|x64
		{9DCD5B31-5DDA-4A11-8C81-F2506917611D}.Debug|x64.Build.0 = Debug|x64
		{9DCD5B31-5DDA-4A11-8C81-F2506917611D}.Debug|x86.ActiveCfg = Debug|Win32
		{9DCD5B31-5DDA-4A11-8C81-F2506917611D}.Debug|x86.Build.0 = Debug|Win32
		{9DCD5B31-5DDA-4A11-8C81-F2506917611D}.Release|x64.ActiveCfg = Release|x64
		{9DCD5B31-5DDA-4A11-8C81-F2506917611D}.Release|x64.Build.0 = Release|x64
		{9DCD5B31-5DDA-4A11-8C81-F2506917611D}.Release|x86.ActiveCfg = Release|Win32
		{9DCD5B31-5DDA-4A11-8C81-F2506917611D}.Release|x86.Build.0 = Release|Win32
	EndGlobalSection
	GlobalSection(SolutionProperties) = preSolution
		HideSolutionNode = FALSE
	EndGlobalSection
	GlobalSection(ExtensibilityGlobals) = postSolution
		SolutionGuid = {6C040B73-9E00-4ECC-9D5F-9E7D9E9FC6BF}
	EndGlobalSection
EndGlobal
