
Microsoft Visual Studio Solution File, Format Version 12.00
# Visual Studio Version 16
VisualStudioVersion = 16.0.33130.400
MinimumVisualStudioVersion = 10.0.40219.1
Project("{8BC9CEB8-8B4A-11D0-8D11-00A0C91BC942}") = "Lesson_57_1", "Lesson_57_1\Lesson_57_1.vcxproj", "{180C5A2C-B2E3-4ECA-9BCD-B25542C32A78}"
EndProject
Global
	GlobalSection(SolutionConfigurationPlatforms) = preSolution
		Debug|x64 = Debug|x64
		Debug|x86 = Debug|x86
		Release|x64 = Release|x64
		Release|x86 = Release|x86
	EndGlobalSection
	GlobalSection(ProjectConfigurationPlatforms) = postSolution
		{180C5A2C-B2E3-4ECA-9BCD-B25542C32A78}.Debug|x64.ActiveCfg = Debug|x64
		{180C5A2C-B2E3-4ECA-9BCD-B25542C32A78}.Debug|x64.Build.0 = Debug|x64
		{180C5A2C-B2E3-4ECA-9BCD-B25542C32A78}.Debug|x86.ActiveCfg = Debug|Win32
		{180C5A2C-B2E3-4ECA-9BCD-B25542C32A78}.Debug|x86.Build.0 = Debug|Win32
		{180C5A2C-B2E3-4ECA-9BCD-B25542C32A78}.Release|x64.ActiveCfg = Release|x64
		{180C5A2C-B2E3-4ECA-9BCD-B25542C32A78}.Release|x64.Build.0 = Release|x64
		{180C5A2C-B2E3-4ECA-9BCD-B25542C32A78}.Release|x86.ActiveCfg = Release|Win32
		{180C5A2C-B2E3-4ECA-9BCD-B25542C32A78}.Release|x86.Build.0 = Release|Win32
	EndGlobalSection
	GlobalSection(SolutionProperties) = preSolution
		HideSolutionNode = FALSE
	EndGlobalSection
	GlobalSection(ExtensibilityGlobals) = postSolution
		SolutionGuid = {91A1884F-981B-40F5-8479-7E3F930F8EE1}
	EndGlobalSection
EndGlobal
